{
  "name": "ask-utils-for-amazon-pay",
  "version": "1.0.0",
  "lockfileVersion": 1,
  "requires": true,
  "dependencies": {
    "ask-sdk-model": {
      "version": "1.10.1",
      "resolved": "https://registry.npmjs.org/ask-sdk-model/-/ask-sdk-model-1.10.1.tgz",
      "integrity": "sha512-tGHPgfrrilD4FsG9GOOc6mW5E/gpGzkdDbdG7jked8+JXkvtLNzOWfm1dJReO/QaYPk7203+ckwvBh2dk5pGYg==",
      "dev": true
    }
  }
}
